
Microsoft Visual Studio Solution File, Format Version 12.00
# Visual Studio Version 17
VisualStudioVersion = 17.8.34511.84
MinimumVisualStudioVersion = 10.0.40219.1
Project("{FAE04EC0-301F-11D3-BF4B-00C04F79EFBC}") = "ShovelFix", "ShovelFix.csproj", "{DFC56FF1-6C8C-4ED7-8854-4E592D2C7E9E}"
EndProject
Global
	GlobalSection(SolutionConfigurationPlatforms) = preSolution
		Debug|Any CPU = Debug|Any CPU
		Release|Any CPU = Release|Any CPU
	EndGlobalSection
	GlobalSection(ProjectConfigurationPlatforms) = postSolution
		{DFC56FF1-6C8C-4ED7-8854-4E592D2C7E9E}.Debug|Any CPU.ActiveCfg = Debug|Any CPU
		{DFC56FF1-6C8C-4ED7-8854-4E592D2C7E9E}.Debug|Any CPU.Build.0 = Debug|Any CPU
		{DFC56FF1-6C8C-4ED7-8854-4E592D2C7E9E}.Release|Any CPU.ActiveCfg = Release|Any CPU
		{DFC56FF1-6C8C-4ED7-8854-4E592D2C7E9E}.Release|Any CPU.Build.0 = Release|Any CPU
	EndGlobalSection
	GlobalSection(SolutionProperties) = preSolution
		HideSolutionNode = FALSE
	EndGlobalSection
	GlobalSection(ExtensibilityGlobals) = postSolution
		SolutionGuid = {9CC7E02E-8CC0-43E9-A60B-9ADE89DBAE32}
	EndGlobalSection
EndGlobal
